
Microsoft Visual Studio Solution File, Format Version 12.00
Project("{2150E333-8FDC-42A3-9474-1A3956D46DE8}") = "src", "src", "{90823F2C-7BC7-4D89-9BA5-93464C62496D}"
EndProject
Project("{2150E333-8FDC-42A3-9474-1A3956D46DE8}") = "tests", "tests", "{A7E88E9F-7C67-40DE-ABC0-F5AE4BFC37E7}"
EndProject
Project("{FAE04EC0-301F-11D3-BF4B-00C04F79EFBC}") = "CashFlow.API", "src\CashFlow.API\CashFlow.API.csproj", "{5552B499-CA54-4C71-AB58-AF56F76EDC62}"
EndProject
Project("{FAE04EC0-301F-11D3-BF4B-00C04F79EFBC}") = "CashFlow.Domain", "src\CashFlow.Domain\CashFlow.Domain.csproj", "{7B329CD1-9076-4D41-86BC-6FF3C6EF29ED}"
EndProject
Project("{FAE04EC0-301F-11D3-BF4B-00C04F79EFBC}") = "CashFlow.Application", "src\CashFlow.Application\CashFlow.Application.csproj", "{EA89DF36-77D8-4106-8593-D69DF7DFE017}"
EndProject
Project("{FAE04EC0-301F-11D3-BF4B-00C04F79EFBC}") = "CashFlow.Communication", "src\CashFlow.Communication\CashFlow.Communication.csproj", "{7439C021-C45E-4967-9E70-B48348F70190}"
EndProject
Project("{FAE04EC0-301F-11D3-BF4B-00C04F79EFBC}") = "CashFlow.Exception", "src\CashFlow.Exception\CashFlow.Exception.csproj", "{F80098C8-FC0D-4D0B-9DEA-3126D0DCD08F}"
EndProject
Project("{FAE04EC0-301F-11D3-BF4B-00C04F79EFBC}") = "CashFlow.Infrastructure", "src\CashFlow.Infrastructure\CashFlow.Infrastructure.csproj", "{FE1BB732-8FE5-406E-9E4B-BF2C136D6D78}"
EndProject
Global
	GlobalSection(SolutionConfigurationPlatforms) = preSolution
		Debug|Any CPU = Debug|Any CPU
		Release|Any CPU = Release|Any CPU
	EndGlobalSection
	GlobalSection(NestedProjects) = preSolution
		{5552B499-CA54-4C71-AB58-AF56F76EDC62} = {90823F2C-7BC7-4D89-9BA5-93464C62496D}
		{7B329CD1-9076-4D41-86BC-6FF3C6EF29ED} = {90823F2C-7BC7-4D89-9BA5-93464C62496D}
		{EA89DF36-77D8-4106-8593-D69DF7DFE017} = {90823F2C-7BC7-4D89-9BA5-93464C62496D}
		{7439C021-C45E-4967-9E70-B48348F70190} = {90823F2C-7BC7-4D89-9BA5-93464C62496D}
		{F80098C8-FC0D-4D0B-9DEA-3126D0DCD08F} = {90823F2C-7BC7-4D89-9BA5-93464C62496D}
		{FE1BB732-8FE5-406E-9E4B-BF2C136D6D78} = {90823F2C-7BC7-4D89-9BA5-93464C62496D}
	EndGlobalSection
	GlobalSection(ProjectConfigurationPlatforms) = postSolution
		{5552B499-CA54-4C71-AB58-AF56F76EDC62}.Debug|Any CPU.ActiveCfg = Debug|Any CPU
		{5552B499-CA54-4C71-AB58-AF56F76EDC62}.Debug|Any CPU.Build.0 = Debug|Any CPU
		{5552B499-CA54-4C71-AB58-AF56F76EDC62}.Release|Any CPU.ActiveCfg = Release|Any CPU
		{5552B499-CA54-4C71-AB58-AF56F76EDC62}.Release|Any CPU.Build.0 = Release|Any CPU
		{7B329CD1-9076-4D41-86BC-6FF3C6EF29ED}.Debug|Any CPU.ActiveCfg = Debug|Any CPU
		{7B329CD1-9076-4D41-86BC-6FF3C6EF29ED}.Debug|Any CPU.Build.0 = Debug|Any CPU
		{7B329CD1-9076-4D41-86BC-6FF3C6EF29ED}.Release|Any CPU.ActiveCfg = Release|Any CPU
		{7B329CD1-9076-4D41-86BC-6FF3C6EF29ED}.Release|Any CPU.Build.0 = Release|Any CPU
		{EA89DF36-77D8-4106-8593-D69DF7DFE017}.Debug|Any CPU.ActiveCfg = Debug|Any CPU
		{EA89DF36-77D8-4106-8593-D69DF7DFE017}.Debug|Any CPU.Build.0 = Debug|Any CPU
		{EA89DF36-77D8-4106-8593-D69DF7DFE017}.Release|Any CPU.ActiveCfg = Release|Any CPU
		{EA89DF36-77D8-4106-8593-D69DF7DFE017}.Release|Any CPU.Build.0 = Release|Any CPU
		{7439C021-C45E-4967-9E70-B48348F70190}.Debug|Any CPU.ActiveCfg = Debug|Any CPU
		{7439C021-C45E-4967-9E70-B48348F70190}.Debug|Any CPU.Build.0 = Debug|Any CPU
		{7439C021-C45E-4967-9E70-B48348F70190}.Release|Any CPU.ActiveCfg = Release|Any CPU
		{7439C021-C45E-4967-9E70-B48348F70190}.Release|Any CPU.Build.0 = Release|Any CPU
		{F80098C8-FC0D-4D0B-9DEA-3126D0DCD08F}.Debug|Any CPU.ActiveCfg = Debug|Any CPU
		{F80098C8-FC0D-4D0B-9DEA-3126D0DCD08F}.Debug|Any CPU.Build.0 = Debug|Any CPU
		{F80098C8-FC0D-4D0B-9DEA-3126D0DCD08F}.Release|Any CPU.ActiveCfg = Release|Any CPU
		{F80098C8-FC0D-4D0B-9DEA-3126D0DCD08F}.Release|Any CPU.Build.0 = Release|Any CPU
		{FE1BB732-8FE5-406E-9E4B-BF2C136D6D78}.Debug|Any CPU.ActiveCfg = Debug|Any CPU
		{FE1BB732-8FE5-406E-9E4B-BF2C136D6D78}.Debug|Any CPU.Build.0 = Debug|Any CPU
		{FE1BB732-8FE5-406E-9E4B-BF2C136D6D78}.Release|Any CPU.ActiveCfg = Release|Any CPU
		{FE1BB732-8FE5-406E-9E4B-BF2C136D6D78}.Release|Any CPU.Build.0 = Release|Any CPU
	EndGlobalSection
EndGlobal
